{
  "nodes": {
    "android-nixpkgs": {
      "inputs": {
        "devshell": "devshell",
        "flake-utils": "flake-utils",
        "nixpkgs": [
          "wwn-toolchain",
          "nixpkgs"
        ]
      },
      "locked": {
        "lastModified": 1775076220,
        "narHash": "sha256-QlDAqxJAHakV7GYR97T4hx7trqMI08axwNkp9Db8U7Q=",
        "owner": "tadfisher",
        "repo": "android-nixpkgs",
        "rev": "5585cc3ee71bdd8d9ee255523f11b920138fa688",
        "type": "github"
      },
      "original": {
        "owner": "tadfisher",
        "repo": "android-nixpkgs",
        "rev": "5585cc3ee71bdd8d9ee255523f11b920138fa688",
        "type": "github"
      }
    },
    "devshell": {
      "inputs": {
        "nixpkgs": [
          "wwn-toolchain",
          "android-nixpkgs",
          "nixpkgs"
        ]
      },
      "locked": {
        "lastModified": 1768818222,
        "narHash": "sha256-460jc0+CZfyaO8+w8JNtlClB2n4ui1RbHfPTLkpwhU8=",
        "owner": "numtide",
        "repo": "devshell",
        "rev": "255a2b1725a20d060f566e4755dbf571bbbb5f76",
        "type": "github"
      },
      "original": {
        "owner": "numtide",
        "repo": "devshell",
        "type": "github"
      }
    },
    "flake-utils": {
      "inputs": {
        "systems": "systems"
      },
      "locked": {
        "lastModified": 1731533236,
        "narHash": "sha256-l0KFg5HjrsfsO/JpG+r7fRrqm12kzFHyUHqHCVpMMbI=",
        "owner": "numtide",
        "repo": "flake-utils",
        "rev": "11707dc2f618dd54ca8739b309ec4fc024de578b",
        "type": "github"
      },
      "original": {
        "owner": "numtide",
        "repo": "flake-utils",
        "type": "github"
      }
    },
    "microvm": {
      "inputs": {
        "nixpkgs": [
          "nixpkgs"
        ],
        "spectrum": "spectrum"
      },
      "locked": {
        "lastModified": 1788636433,
        "narHash": "sha256-iCLUJO5V2ZlEAlYxlkCZ5YLkyQrpkyXOMUTkPXjsdPk=",
        "owner": "microvm-nix",
        "repo": "microvm.nix",
        "rev": "804cbac7a462aa0fa8bb60c3d2fc4ead0a62060f",
        "type": "github"
      },
      "original": {
        "owner": "microvm-nix",
        "repo": "microvm.nix",
        "type": "github"
      }
    },
    "nixpkgs": {
      "locked": {
        "lastModified": 1788746152,
        "narHash": "sha256-RaKngusl5I8pNi8RfrVvsHq3NZe7eFWzDlb01+hEVqY=",
        "owner": "NixOS",
        "repo": "nixpkgs",
        "rev": "42f17a57f4f6e33b3de3dca0a2a5ea5233169d02",
        "type": "github"
      },
      "original": {
        "owner": "NixOS",
        "ref": "nixpkgs-unstable",
        "repo": "nixpkgs",
        "type": "github"
      }
    },
    "root": {
      "inputs": {
        "microvm": "microvm",
        "nixpkgs": "nixpkgs",
        "rust-overlay": "rust-overlay",
        "wwn-toolchain": "wwn-toolchain"
      }
    },
    "rust-overlay": {
      "inputs": {
        "nixpkgs": [
          "nixpkgs"
        ]
      },
      "locked": {
        "lastModified": 1788765185,
        "narHash": "sha256-pp8lb5CrKjmscZbTK34HuCaq18zDU4Q6zlaD5dS+Hi4=",
        "owner": "oxalica",
        "repo": "rust-overlay",
        "rev": "ca7f624be3935a5bc46d2c240515491ab8675503",
        "type": "github"
      },
      "original": {
        "owner": "oxalica",
        "repo": "rust-overlay",
        "type": "github"
      }
    },
    "spectrum": {
      "flake": false,
      "locked": {
        "lastModified": 1785761586,
        "narHash": "sha256-MWOMVqJJERwjQGgRIv8d6rlEBqbLM3VZWxHkNKIIZNw=",
        "ref": "refs/heads/main",
        "rev": "a7762d6f54b40560dd5255ce902e6e6a5d980fe9",
        "revCount": 1416,
        "type": "git",
        "url": "https://spectrum-os.org/git/spectrum"
      },
      "original": {
        "type": "git",
        "url": "https://spectrum-os.org/git/spectrum"
      }
    },
    "systems": {
      "locked": {
        "lastModified": 1681028828,
        "narHash": "sha256-Vy1rq5AaRuLzOxct8nz4T6wlgyUR7zLU309k9mBC768=",
        "owner": "nix-systems",
        "repo": "default",
        "rev": "da67096a3b9bf56a91d16901293e51ba5b49a27e",
        "type": "github"
      },
      "original": {
        "owner": "nix-systems",
        "repo": "default",
        "type": "github"
      }
    },
    "wwn-toolchain": {
      "inputs": {
        "android-nixpkgs": "android-nixpkgs",
        "nixpkgs": [
          "nixpkgs"
        ],
        "rust-overlay": [
          "rust-overlay"
        ]
      },
      "locked": {
        "lastModified": 1788397785,
        "narHash": "sha256-qkzlVJmQqxpyL8K1L41ZLz/JCSJdAt6kiMgjf8zk/Yw=",
        "owner": "Wawona",
        "repo": "wwn-toolchain",
        "rev": "cc5158910c13e10686f855a386ab9c47e25c0ae5",
        "type": "github"
      },
      "original": {
        "owner": "Wawona",
        "ref": "development",
        "repo": "wwn-toolchain",
        "type": "github"
      }
    }
  },
  "root": "root",
  "version": 7
}
